
Microsoft Visual Studio Solution File, Format Version 12.00
# Visual Studio Version 16
VisualStudioVersion = 16.0.30523.141
MinimumVisualStudioVersion = 10.0.40219.1
Project("{FAE04EC0-301F-11D3-BF4B-00C04F79EFBC}") = "OnlineShoppingStorebyNishu", "OnlineShoppingStorebyNishu\OnlineShoppingStorebyNishu.csproj", "{B943EC5D-9FD5-4A5E-BFC2-C432EC8DA2EB}"
EndProject
Global
	GlobalSection(SolutionConfigurationPlatforms) = preSolution
		Debug|Any CPU = Debug|Any CPU
		Release|Any CPU = Release|Any CPU
	EndGlobalSection
	GlobalSection(ProjectConfigurationPlatforms) = postSolution
		{B943EC5D-9FD5-4A5E-BFC2-C432EC8DA2EB}.Debug|Any CPU.ActiveCfg = Debug|Any CPU
		{B943EC5D-9FD5-4A5E-BFC2-C432EC8DA2EB}.Debug|Any CPU.Build.0 = Debug|Any CPU
		{B943EC5D-9FD5-4A5E-BFC2-C432EC8DA2EB}.Release|Any CPU.ActiveCfg = Release|Any CPU
		{B943EC5D-9FD5-4A5E-BFC2-C432EC8DA2EB}.Release|Any CPU.Build.0 = Release|Any CPU
	EndGlobalSection
	GlobalSection(SolutionProperties) = preSolution
		HideSolutionNode = FALSE
	EndGlobalSection
	GlobalSection(ExtensibilityGlobals) = postSolution
		SolutionGuid = {000B69A1-8DF9-45CC-9B00-E25FA2FA810D}
	EndGlobalSection
EndGlobal
